Microsoft Visual Studio Solution File, Format Version 12.00
# Visual Studio Version 18
VisualStudioVersion = 18.6.11806.211
MinimumVisualStudioVersion = 10.0.40219.1
Project("{2150E333-8FDC-42A3-9474-1A3956D46DE8}") = "Docs", "Docs", "{208BA388-4CEE-2CBF-559C-5607C099C1F8}"
	ProjectSection(SolutionItems) = preProject
		docs\00-README.md = docs\00-README.md
		docs\SBYS_Group_Order_Context_Pack\00_START_HERE.md = docs\SBYS_Group_Order_Context_Pack\00_START_HERE.md
		docs\SBYS_Group_Order_Context_Pack\01_AI_CONTEXT_GROUP_ORDER_FLOW.md = docs\SBYS_Group_Order_Context_Pack\01_AI_CONTEXT_GROUP_ORDER_FLOW.md
		docs\SBYS_Group_Order_Context_Pack\02_AI_CONTEXT_DUMMY_PIZZA.md = docs\SBYS_Group_Order_Context_Pack\02_AI_CONTEXT_DUMMY_PIZZA.md
		docs\SBYS_Group_Order_Context_Pack\03_AI_CONTEXT_READY_TO_PAY.md = docs\SBYS_Group_Order_Context_Pack\03_AI_CONTEXT_READY_TO_PAY.md
		docs\SBYS_Group_Order_Context_Pack\04_PROMPT_IMPLEMENT_GROUP_ORDER.md = docs\SBYS_Group_Order_Context_Pack\04_PROMPT_IMPLEMENT_GROUP_ORDER.md
	EndProjectSection
EndProject
Project("{2150E333-8FDC-42A3-9474-1A3956D46DE8}") = "Solution Items", "Solution Items", "{089100B1-113F-4E66-888A-E83F3999EAFD}"
	ProjectSection(SolutionItems) = preProject
		docs\architecture.md = docs\architecture.md
		.github\workflows\build.yml = .github\workflows\build.yml
		docs\business-rules.md = docs\business-rules.md
		docs\current-state.md = docs\current-state.md
		.github\workflows\deploy-api.yml = .github\workflows\deploy-api.yml
		.github\workflows\deploy-frontend.yml = .github\workflows\deploy-frontend.yml
		.github\workflows\deploy-merchantdemo.yml = .github\workflows\deploy-merchantdemo.yml
		.github\workflows\deploy-test.yml = .github\workflows\deploy-test.yml
		docs\flows.md = docs\flows.md
		docs\glossary.md = docs\glossary.md
		docs\project-overview.md = docs\project-overview.md
	EndProjectSection
EndProject
Project("{2150E333-8FDC-42A3-9474-1A3956D46DE8}") = "src", "src", "{827E0CD3-B72D-47B6-A68D-7590B98EB39B}"
EndProject
Project("{FAE04EC0-301F-11D3-BF4B-00C04F79EFBC}") = "Api.PayBySharePay", "src\Api.PayBySharePay\Api.PayBySharePay.csproj", "{8AEB855E-EE23-54FF-620C-8F5E6188F7A3}"
EndProject
Project("{FAE04EC0-301F-11D3-BF4B-00C04F79EFBC}") = "DataStorage.PayBySharePay", "src\DataStorage.PayBySharePay\DataStorage.PayBySharePay.csproj", "{46FBDD72-45B1-36C4-238E-2A437B5E6409}"
EndProject
Project("{FAE04EC0-301F-11D3-BF4B-00C04F79EFBC}") = "Service.PayBySharePay", "src\Service.PayBySharePay\Service.PayBySharePay.csproj", "{18C78223-71F2-DFAC-B01D-F9BED1601F7B}"
EndProject
Project("{FAE04EC0-301F-11D3-BF4B-00C04F79EFBC}") = "Tests.PayBySharePay", "src\Tests.PayBySharePay\Tests.PayBySharePay.csproj", "{E6C9E751-5F98-81B9-BA74-E896211850F5}"
EndProject
Project("{FAE04EC0-301F-11D3-BF4B-00C04F79EFBC}") = "Tools.PayBySharePay", "src\Tools.PayBySharePay\Tools.PayBySharePay.csproj", "{398A0D78-3CF4-A73D-F4E0-A8FA26EC7BC9}"
EndProject
Project("{FAE04EC0-301F-11D3-BF4B-00C04F79EFBC}") = "Infrastructure.Payments.PayBySharePay", "src\Infrastructure.Payments.PayBySharePay\Infrastructure.Payments.PayBySharePay.csproj", "{1D6C0AA3-9C1B-4739-A1A0-CB9B9AC11EE4}"
EndProject
Project("{2150E333-8FDC-42A3-9474-1A3956D46DE8}") = "Usecases", "Usecases", "{83FE01E4-F053-46B0-9CCD-5EE59B86FFBE}"
	ProjectSection(SolutionItems) = preProject
		docs\usecases\UC-01-opret-bruger.md = docs\usecases\UC-01-opret-bruger.md
		docs\usecases\UC-02-log-ind.md = docs\usecases\UC-02-log-ind.md
		docs\usecases\UC-03-Login-with-Google-or-Apple.md = docs\usecases\UC-03-Login-with-Google-or-Apple.md
		docs\usecases\UC-04-opdater-profil.md = docs\usecases\UC-04-opdater-profil.md
		docs\usecases\UC-05-find-deltagere-tilfoj-ven.md = docs\usecases\UC-05-find-deltagere-tilfoj-ven.md
		docs\usecases\UC-06-opret-ordre.md = docs\usecases\UC-06-opret-ordre.md
		docs\usecases\UC-07-se-ordrer-og-overblik.md = docs\usecases\UC-07-se-ordrer-og-overblik.md
		docs\usecases\UC-08-bestil-via-merchant-link.md = docs\usecases\UC-08-bestil-via-merchant-link.md
		docs\usecases\UC-09-reserver-betaling.md = docs\usecases\UC-09-reserver-betaling.md
		docs\usecases\UC-10-godkend-og-capture.md = docs\usecases\UC-10-godkend-og-capture.md
		docs\usecases\UC-11-annuller-ordre.md = docs\usecases\UC-11-annuller-ordre.md
		docs\usecases\UC-12-beskeder.md = docs\usecases\UC-12-beskeder.md
		docs\usecases\UC-13-payment-webhook.md = docs\usecases\UC-13-payment-webhook.md
		docs\usecases\UC-14-legacy-betaling.md = docs\usecases\UC-14-legacy-betaling.md
		docs\usecases\UC-15-dev-og-seed-tools.md = docs\usecases\UC-15-dev-og-seed-tools.md
	EndProjectSection
EndProject
Project("{2150E333-8FDC-42A3-9474-1A3956D46DE8}") = "Stories", "Stories", "{9637ED3B-78A9-4699-82E0-555E4B42F55B}"
EndProject
Project("{2150E333-8FDC-42A3-9474-1A3956D46DE8}") = "UC-01", "UC-01", "{E9AA68C8-09A6-4FF3-8F06-8BAD67F4B895}"
	ProjectSection(SolutionItems) = preProject
		docs\Stories\UC-01\UC-01-S01-registrer-privat-bruger.md = docs\Stories\UC-01\UC-01-S01-registrer-privat-bruger.md
		docs\Stories\UC-01\UC-01-S02-valider-adgangskoder-matcher.md = docs\Stories\UC-01\UC-01-S02-valider-adgangskoder-matcher.md
		docs\Stories\UC-01\UC-01-S03-haandter-duplikat-email-person.md = docs\Stories\UC-01\UC-01-S03-haandter-duplikat-email-person.md
		docs\Stories\UC-01\UC-01-S04-registrer-merchant.md = docs\Stories\UC-01\UC-01-S04-registrer-merchant.md
		docs\Stories\UC-01\UC-01-S05-haandter-duplikat-email-merchant.md = docs\Stories\UC-01\UC-01-S05-haandter-duplikat-email-merchant.md
		docs\Stories\UC-01\UC-01-S06-haandter-netvaerksfejl-ved-registrering.md = docs\Stories\UC-01\UC-01-S06-haandter-netvaerksfejl-ved-registrering.md
		docs\Stories\UC-01\UC-01-S07-merchant-adgangskode.md = docs\Stories\UC-01\UC-01-S07-merchant-adgangskode.md
		docs\Stories\UC-01\UC-01-S08-saet-merchant-grouporderurl-ved-oprettelse.md = docs\Stories\UC-01\UC-01-S08-saet-merchant-grouporderurl-ved-oprettelse.md
	EndProjectSection
EndProject
Global
	GlobalSection(SolutionConfigurationPlatforms) = preSolution
		Debug|Any CPU = Debug|Any CPU
		Debug|x64 = Debug|x64
		Debug|x86 = Debug|x86
		Release|Any CPU = Release|Any CPU
		Release|x64 = Release|x64
		Release|x86 = Release|x86
	EndGlobalSection
	GlobalSection(ProjectConfigurationPlatforms) = postSolution
		{8AEB855E-EE23-54FF-620C-8F5E6188F7A3}.Debug|Any CPU.ActiveCfg = Debug|Any CPU
		{8AEB855E-EE23-54FF-620C-8F5E6188F7A3}.Debug|Any CPU.Build.0 = Debug|Any CPU
		{8AEB855E-EE23-54FF-620C-8F5E6188F7A3}.Debug|x64.ActiveCfg = Debug|Any CPU
		{8AEB855E-EE23-54FF-620C-8F5E6188F7A3}.Debug|x64.Build.0 = Debug|Any CPU
		{8AEB855E-EE23-54FF-620C-8F5E6188F7A3}.Debug|x86.ActiveCfg = Debug|Any CPU
		{8AEB855E-EE23-54FF-620C-8F5E6188F7A3}.Debug|x86.Build.0 = Debug|Any CPU
		{8AEB855E-EE23-54FF-620C-8F5E6188F7A3}.Release|Any CPU.ActiveCfg = Release|Any CPU
		{8AEB855E-EE23-54FF-620C-8F5E6188F7A3}.Release|Any CPU.Build.0 = Release|Any CPU
		{8AEB855E-EE23-54FF-620C-8F5E6188F7A3}.Release|x64.ActiveCfg = Release|Any CPU
		{8AEB855E-EE23-54FF-620C-8F5E6188F7A3}.Release|x64.Build.0 = Release|Any CPU
		{8AEB855E-EE23-54FF-620C-8F5E6188F7A3}.Release|x86.ActiveCfg = Release|Any CPU
		{8AEB855E-EE23-54FF-620C-8F5E6188F7A3}.Release|x86.Build.0 = Release|Any CPU
		{46FBDD72-45B1-36C4-238E-2A437B5E6409}.Debug|Any CPU.ActiveCfg = Debug|Any CPU
		{46FBDD72-45B1-36C4-238E-2A437B5E6409}.Debug|Any CPU.Build.0 = Debug|Any CPU
		{46FBDD72-45B1-36C4-238E-2A437B5E6409}.Debug|x64.ActiveCfg = Debug|Any CPU
		{46FBDD72-45B1-36C4-238E-2A437B5E6409}.Debug|x64.Build.0 = Debug|Any CPU
		{46FBDD72-45B1-36C4-238E-2A437B5E6409}.Debug|x86.ActiveCfg = Debug|Any CPU
		{46FBDD72-45B1-36C4-238E-2A437B5E6409}.Debug|x86.Build.0 = Debug|Any CPU
		{46FBDD72-45B1-36C4-238E-2A437B5E6409}.Release|Any CPU.ActiveCfg = Release|Any CPU
		{46FBDD72-45B1-36C4-238E-2A437B5E6409}.Release|Any CPU.Build.0 = Release|Any CPU
		{46FBDD72-45B1-36C4-238E-2A437B5E6409}.Release|x64.ActiveCfg = Release|Any CPU
		{46FBDD72-45B1-36C4-238E-2A437B5E6409}.Release|x64.Build.0 = Release|Any CPU
		{46FBDD72-45B1-36C4-238E-2A437B5E6409}.Release|x86.ActiveCfg = Release|Any CPU
		{46FBDD72-45B1-36C4-238E-2A437B5E6409}.Release|x86.Build.0 = Release|Any CPU
		{18C78223-71F2-DFAC-B01D-F9BED1601F7B}.Debug|Any CPU.ActiveCfg = Debug|Any CPU
		{18C78223-71F2-DFAC-B01D-F9BED1601F7B}.Debug|Any CPU.Build.0 = Debug|Any CPU
		{18C78223-71F2-DFAC-B01D-F9BED1601F7B}.Debug|x64.ActiveCfg = Debug|Any CPU
		{18C78223-71F2-DFAC-B01D-F9BED1601F7B}.Debug|x64.Build.0 = Debug|Any CPU
		{18C78223-71F2-DFAC-B01D-F9BED1601F7B}.Debug|x86.ActiveCfg = Debug|Any CPU
		{18C78223-71F2-DFAC-B01D-F9BED1601F7B}.Debug|x86.Build.0 = Debug|Any CPU
		{18C78223-71F2-DFAC-B01D-F9BED1601F7B}.Release|Any CPU.ActiveCfg = Release|Any CPU
		{18C78223-71F2-DFAC-B01D-F9BED1601F7B}.Release|Any CPU.Build.0 = Release|Any CPU
		{18C78223-71F2-DFAC-B01D-F9BED1601F7B}.Release|x64.ActiveCfg = Release|Any CPU
		{18C78223-71F2-DFAC-B01D-F9BED1601F7B}.Release|x64.Build.0 = Release|Any CPU
		{18C78223-71F2-DFAC-B01D-F9BED1601F7B}.Release|x86.ActiveCfg = Release|Any CPU
		{18C78223-71F2-DFAC-B01D-F9BED1601F7B}.Release|x86.Build.0 = Release|Any CPU
		{E6C9E751-5F98-81B9-BA74-E896211850F5}.Debug|Any CPU.ActiveCfg = Debug|Any CPU
		{E6C9E751-5F98-81B9-BA74-E896211850F5}.Debug|Any CPU.Build.0 = Debug|Any CPU
		{E6C9E751-5F98-81B9-BA74-E896211850F5}.Debug|x64.ActiveCfg = Debug|Any CPU
		{E6C9E751-5F98-81B9-BA74-E896211850F5}.Debug|x64.Build.0 = Debug|Any CPU
		{E6C9E751-5F98-81B9-BA74-E896211850F5}.Debug|x86.ActiveCfg = Debug|Any CPU
		{E6C9E751-5F98-81B9-BA74-E896211850F5}.Debug|x86.Build.0 = Debug|Any CPU
		{E6C9E751-5F98-81B9-BA74-E896211850F5}.Release|Any CPU.ActiveCfg = Release|Any CPU
		{E6C9E751-5F98-81B9-BA74-E896211850F5}.Release|Any CPU.Build.0 = Release|Any CPU
		{E6C9E751-5F98-81B9-BA74-E896211850F5}.Release|x64.ActiveCfg = Release|Any CPU
		{E6C9E751-5F98-81B9-BA74-E896211850F5}.Release|x64.Build.0 = Release|Any CPU
		{E6C9E751-5F98-81B9-BA74-E896211850F5}.Release|x86.ActiveCfg = Release|Any CPU
		{E6C9E751-5F98-81B9-BA74-E896211850F5}.Release|x86.Build.0 = Release|Any CPU
		{398A0D78-3CF4-A73D-F4E0-A8FA26EC7BC9}.Debug|Any CPU.ActiveCfg = Debug|Any CPU
		{398A0D78-3CF4-A73D-F4E0-A8FA26EC7BC9}.Debug|Any CPU.Build.0 = Debug|Any CPU
		{398A0D78-3CF4-A73D-F4E0-A8FA26EC7BC9}.Debug|x64.ActiveCfg = Debug|Any CPU
		{398A0D78-3CF4-A73D-F4E0-A8FA26EC7BC9}.Debug|x64.Build.0 = Debug|Any CPU
		{398A0D78-3CF4-A73D-F4E0-A8FA26EC7BC9}.Debug|x86.ActiveCfg = Debug|Any CPU
		{398A0D78-3CF4-A73D-F4E0-A8FA26EC7BC9}.Debug|x86.Build.0 = Debug|Any CPU
		{398A0D78-3CF4-A73D-F4E0-A8FA26EC7BC9}.Release|Any CPU.ActiveCfg = Release|Any CPU
		{398A0D78-3CF4-A73D-F4E0-A8FA26EC7BC9}.Release|Any CPU.Build.0 = Release|Any CPU
		{398A0D78-3CF4-A73D-F4E0-A8FA26EC7BC9}.Release|x64.ActiveCfg = Release|Any CPU
		{398A0D78-3CF4-A73D-F4E0-A8FA26EC7BC9}.Release|x64.Build.0 = Release|Any CPU
		{398A0D78-3CF4-A73D-F4E0-A8FA26EC7BC9}.Release|x86.ActiveCfg = Release|Any CPU
		{398A0D78-3CF4-A73D-F4E0-A8FA26EC7BC9}.Release|x86.Build.0 = Release|Any CPU
		{1D6C0AA3-9C1B-4739-A1A0-CB9B9AC11EE4}.Debug|Any CPU.ActiveCfg = Debug|Any CPU
		{1D6C0AA3-9C1B-4739-A1A0-CB9B9AC11EE4}.Debug|Any CPU.Build.0 = Debug|Any CPU
		{1D6C0AA3-9C1B-4739-A1A0-CB9B9AC11EE4}.Debug|x64.ActiveCfg = Debug|Any CPU
		{1D6C0AA3-9C1B-4739-A1A0-CB9B9AC11EE4}.Debug|x64.Build.0 = Debug|Any CPU
		{1D6C0AA3-9C1B-4739-A1A0-CB9B9AC11EE4}.Debug|x86.ActiveCfg = Debug|Any CPU
		{1D6C0AA3-9C1B-4739-A1A0-CB9B9AC11EE4}.Debug|x86.Build.0 = Debug|Any CPU
		{1D6C0AA3-9C1B-4739-A1A0-CB9B9AC11EE4}.Release|Any CPU.ActiveCfg = Release|Any CPU
		{1D6C0AA3-9C1B-4739-A1A0-CB9B9AC11EE4}.Release|Any CPU.Build.0 = Release|Any CPU
		{1D6C0AA3-9C1B-4739-A1A0-CB9B9AC11EE4}.Release|x64.ActiveCfg = Release|Any CPU
		{1D6C0AA3-9C1B-4739-A1A0-CB9B9AC11EE4}.Release|x64.Build.0 = Release|Any CPU
		{1D6C0AA3-9C1B-4739-A1A0-CB9B9AC11EE4}.Release|x86.ActiveCfg = Release|Any CPU
		{1D6C0AA3-9C1B-4739-A1A0-CB9B9AC11EE4}.Release|x86.Build.0 = Release|Any CPU
	EndGlobalSection
	GlobalSection(SolutionProperties) = preSolution
		HideSolutionNode = FALSE
	EndGlobalSection
	GlobalSection(NestedProjects) = preSolution
		{8AEB855E-EE23-54FF-620C-8F5E6188F7A3} = {827E0CD3-B72D-47B6-A68D-7590B98EB39B}
		{46FBDD72-45B1-36C4-238E-2A437B5E6409} = {827E0CD3-B72D-47B6-A68D-7590B98EB39B}
		{18C78223-71F2-DFAC-B01D-F9BED1601F7B} = {827E0CD3-B72D-47B6-A68D-7590B98EB39B}
		{E6C9E751-5F98-81B9-BA74-E896211850F5} = {827E0CD3-B72D-47B6-A68D-7590B98EB39B}
		{398A0D78-3CF4-A73D-F4E0-A8FA26EC7BC9} = {827E0CD3-B72D-47B6-A68D-7590B98EB39B}
		{1D6C0AA3-9C1B-4739-A1A0-CB9B9AC11EE4} = {827E0CD3-B72D-47B6-A68D-7590B98EB39B}
		{E9AA68C8-09A6-4FF3-8F06-8BAD67F4B895} = {9637ED3B-78A9-4699-82E0-555E4B42F55B}
	EndGlobalSection
	GlobalSection(ExtensibilityGlobals) = postSolution
		SolutionGuid = {BA30F0F2-60FE-42BD-B247-35C9335F6B02}
	EndGlobalSection
EndGlobal
